
Microsoft Visual Studio Solution File, Format Version 12.00
# Visual Studio Version 17
VisualStudioVersion = 17.4.33213.308
MinimumVisualStudioVersion = 10.0.40219.1
Project("{FAE04EC0-301F-11D3-BF4B-00C04F79EFBC}") = "InstituteSystem", "InstituteSystem\InstituteSystem.csproj", "{5D303C26-818C-435B-AC95-E97ABC90548B}"
EndProject
Project("{FAE04EC0-301F-11D3-BF4B-00C04F79EFBC}") = "DatabaseOperation", "DatabaseOperation\DatabaseOperation.csproj", "{15B5ED01-EF0D-4595-8F8F-717BB8B978D2}"
EndProject
Project("{FAE04EC0-301F-11D3-BF4B-00C04F79EFBC}") = "DatabaseServices", "DatabaseServices\DatabaseServices.csproj", "{F26A8A6D-844C-494D-B39D-8786C02CDFE0}"
EndProject
Global
	GlobalSection(SolutionConfigurationPlatforms) = preSolution
		Debug|Any CPU = Debug|Any CPU
		Release|Any CPU = Release|Any CPU
	EndGlobalSection
	GlobalSection(ProjectConfigurationPlatforms) = postSolution
		{5D303C26-818C-435B-AC95-E97ABC90548B}.Debug|Any CPU.ActiveCfg = Debug|Any CPU
		{5D303C26-818C-435B-AC95-E97ABC90548B}.Debug|Any CPU.Build.0 = Debug|Any CPU
		{5D303C26-818C-435B-AC95-E97ABC90548B}.Release|Any CPU.ActiveCfg = Release|Any CPU
		{5D303C26-818C-435B-AC95-E97ABC90548B}.Release|Any CPU.Build.0 = Release|Any CPU
		{15B5ED01-EF0D-4595-8F8F-717BB8B978D2}.Debug|Any CPU.ActiveCfg = Debug|Any CPU
		{15B5ED01-EF0D-4595-8F8F-717BB8B978D2}.Debug|Any CPU.Build.0 = Debug|Any CPU
		{15B5ED01-EF0D-4595-8F8F-717BB8B978D2}.Release|Any CPU.ActiveCfg = Release|Any CPU
		{15B5ED01-EF0D-4595-8F8F-717BB8B978D2}.Release|Any CPU.Build.0 = Release|Any CPU
		{F26A8A6D-844C-494D-B39D-8786C02CDFE0}.Debug|Any CPU.ActiveCfg = Debug|Any CPU
		{F26A8A6D-844C-494D-B39D-8786C02CDFE0}.Debug|Any CPU.Build.0 = Debug|Any CPU
		{F26A8A6D-844C-494D-B39D-8786C02CDFE0}.Release|Any CPU.ActiveCfg = Release|Any CPU
		{F26A8A6D-844C-494D-B39D-8786C02CDFE0}.Release|Any CPU.Build.0 = Release|Any CPU
	EndGlobalSection
	GlobalSection(SolutionProperties) = preSolution
		HideSolutionNode = FALSE
	EndGlobalSection
	GlobalSection(ExtensibilityGlobals) = postSolution
		SolutionGuid = {09EE4966-7C63-4B3C-A7AE-EFF616BBA465}
	EndGlobalSection
EndGlobal
